// !$*UTF8*$!
{
	archiveVersion = 1;
	classes = {
	};
	objectVersion = 51;
	objects = {

/* Begin PBXBuildFile section */
		2460C13B26F6FBBE00E40171 /* HomeViewModel.swift in Sources */ = {isa = PBXBuildFile; fileRef = 2460C13A26F6FBBE00E40171 /* HomeViewModel.swift */; };
		2460C13D26F74AEA00E40171 /* SpecificPokemoninfoViewController.swift in Sources */ = {isa = PBXBuildFile; fileRef = 2460C13C26F74AEA00E40171 /* SpecificPokemoninfoViewController.swift */; };
		2460C14026F792D100E40171 /* PokemonView.swift in Sources */ = {isa = PBXBuildFile; fileRef = 2460C13F26F792D100E40171 /* PokemonView.swift */; };
		2460C14226F792E600E40171 /* BottomButtonsView.swift in Sources */ = {isa = PBXBuildFile; fileRef = 2460C14126F792E600E40171 /* BottomButtonsView.swift */; };
		2460C14526F7958800E40171 /* PokemonIdLabel.swift in Sources */ = {isa = PBXBuildFile; fileRef = 2460C14426F7958800E40171 /* PokemonIdLabel.swift */; };
		2460C14726F7970E00E40171 /* PokemonImageView.swift in Sources */ = {isa = PBXBuildFile; fileRef = 2460C14626F7970E00E40171 /* PokemonImageView.swift */; };
		2460C14926F797FE00E40171 /* ShadowView.swift in Sources */ = {isa = PBXBuildFile; fileRef = 2460C14826F797FE00E40171 /* ShadowView.swift */; };
		2460C14B26F7AF7400E40171 /* TypeLabel.swift in Sources */ = {isa = PBXBuildFile; fileRef = 2460C14A26F7AF7400E40171 /* TypeLabel.swift */; };
		2473EAE9271AEEAF00489673 /* AdoptiOS15Protocol.swift in Sources */ = {isa = PBXBuildFile; fileRef = 2473EAE8271AEEAF00489673 /* AdoptiOS15Protocol.swift */; };
		2473EAEB271C13DD00489673 /* MonsterBallImageView.swift in Sources */ = {isa = PBXBuildFile; fileRef = 2473EAEA271C13DD00489673 /* MonsterBallImageView.swift */; };
		2482AB2C26F5049B0037EA4E /* AppDelegate.swift in Sources */ = {isa = PBXBuildFile; fileRef = 2482AB2B26F5049B0037EA4E /* AppDelegate.swift */; };
		2482AB2E26F5049B0037EA4E /* SceneDelegate.swift in Sources */ = {isa = PBXBuildFile; fileRef = 2482AB2D26F5049B0037EA4E /* SceneDelegate.swift */; };
		2482AB3026F5049B0037EA4E /* HomeViewController.swift in Sources */ = {isa = PBXBuildFile; fileRef = 2482AB2F26F5049B0037EA4E /* HomeViewController.swift */; };
		2482AB3526F5049D0037EA4E /* Assets.xcassets in Resources */ = {isa = PBXBuildFile; fileRef = 2482AB3426F5049D0037EA4E /* Assets.xcassets */; };
		2482AB3826F5049D0037EA4E /* LaunchScreen.storyboard in Resources */ = {isa = PBXBuildFile; fileRef = 2482AB3626F5049D0037EA4E /* LaunchScreen.storyboard */; };
		2482AB4526F508490037EA4E /* Pokemon.swift in Sources */ = {isa = PBXBuildFile; fileRef = 2482AB4426F508490037EA4E /* Pokemon.swift */; };
		2482AB4726F50F690037EA4E /* UIView-Extension.swift in Sources */ = {isa = PBXBuildFile; fileRef = 2482AB4626F50F690037EA4E /* UIView-Extension.swift */; };
		2482AB4A26F5A7960037EA4E /* PokedexCollectionViewCell.swift in Sources */ = {isa = PBXBuildFile; fileRef = 2482AB4926F5A7960037EA4E /* PokedexCollectionViewCell.swift */; };
		2482AB4D26F619D60037EA4E /* PokedexCellLabel.swift in Sources */ = {isa = PBXBuildFile; fileRef = 2482AB4C26F619D60037EA4E /* PokedexCellLabel.swift */; };
		2482AB4F26F61FC30037EA4E /* UIColor-Extension.swift in Sources */ = {isa = PBXBuildFile; fileRef = 2482AB4E26F61FC30037EA4E /* UIColor-Extension.swift */; };
		2499352E270B3B9100226B98 /* PokemonCollectionModel.swift in Sources */ = {isa = PBXBuildFile; fileRef = 2499352D270B3B9100226B98 /* PokemonCollectionModel.swift */; };
		24D57B7F26FB770C00852AF2 /* PokemonNameLabel.swift in Sources */ = {isa = PBXBuildFile; fileRef = 24D57B7E26FB770C00852AF2 /* PokemonNameLabel.swift */; };
		D8BF0725B46827DD18D46B88 /* Pods_Pokemondex.framework in Frameworks */ = {isa = PBXBuildFile; fileRef = E7CC32B1EAAC9BE2BC39D6E6 /* Pods_Pokemondex.framework */; };
/* End PBXBuildFile section */

/* Begin PBXFileReference section */
		0DAD2372F8F6738920863FAB /* Pods-Pokemondex.release.xcconfig */ = {isa = PBXFileReference; includeInIndex = 1; lastKnownFileType = text.xcconfig; name = "Pods-Pokemondex.release.xcconfig"; path = "Target Support Files/Pods-Pokemondex/Pods-Pokemondex.release.xcconfig"; sourceTree = "<group>"; };
		2460C13A26F6FBBE00E40171 /* HomeViewModel.swift */ = {isa = PBXFileReference; lastKnownFileType = sourcecode.swift; path = HomeViewModel.swift; sourceTree = "<group>"; };
		2460C13C26F74AEA00E40171 /* SpecificPokemoninfoViewController.swift */ = {isa = PBXFileReference; lastKnownFileType = sourcecode.swift; path = SpecificPokemoninfoViewController.swift; sourceTree = "<group>"; };
		2460C13F26F792D100E40171 /* PokemonView.swift */ = {isa = PBXFileReference; lastKnownFileType = sourcecode.swift; path = PokemonView.swift; sourceTree = "<group>"; };
		2460C14126F792E600E40171 /* BottomButtonsView.swift */ = {isa = PBXFileReference; lastKnownFileType = sourcecode.swift; path = BottomButtonsView.swift; sourceTree = "<group>"; };
		2460C14426F7958800E40171 /* PokemonIdLabel.swift */ = {isa = PBXFileReference; lastKnownFileType = sourcecode.swift; path = PokemonIdLabel.swift; sourceTree = "<group>"; };
		2460C14626F7970E00E40171 /* PokemonImageView.swift */ = {isa = PBXFileReference; lastKnownFileType = sourcecode.swift; path = PokemonImageView.swift; sourceTree = "<group>"; };
		2460C14826F797FE00E40171 /* ShadowView.swift */ = {isa = PBXFileReference; lastKnownFileType = sourcecode.swift; path = ShadowView.swift; sourceTree = "<group>"; };
		2460C14A26F7AF7400E40171 /* TypeLabel.swift */ = {isa = PBXFileReference; lastKnownFileType = sourcecode.swift; path = TypeLabel.swift; sourceTree = "<group>"; };
		2473EAE8271AEEAF00489673 /* AdoptiOS15Protocol.swift */ = {isa = PBXFileReference; lastKnownFileType = sourcecode.swift; path = AdoptiOS15Protocol.swift; sourceTree = "<group>"; };
		2473EAEA271C13DD00489673 /* MonsterBallImageView.swift */ = {isa = PBXFileReference; lastKnownFileType = sourcecode.swift; path = MonsterBallImageView.swift; sourceTree = "<group>"; };
		2482AB2826F5049B0037EA4E /* Pokemondex.app */ = {isa = PBXFileReference; explicitFileType = wrapper.application; includeInIndex = 0; path = Pokemondex.app; sourceTree = BUILT_PRODUCTS_DIR; };
		2482AB2B26F5049B0037EA4E /* AppDelegate.swift */ = {isa = PBXFileReference; lastKnownFileType = sourcecode.swift; path = AppDelegate.swift; sourceTree = "<group>"; };
		2482AB2D26F5049B0037EA4E /* SceneDelegate.swift */ = {isa = PBXFileReference; lastKnownFileType = sourcecode.swift; path = SceneDelegate.swift; sourceTree = "<group>"; };
		2482AB2F26F5049B0037EA4E /* HomeViewController.swift */ = {isa = PBXFileReference; lastKnownFileType = sourcecode.swift; path = HomeViewController.swift; sourceTree = "<group>"; };
		2482AB3426F5049D0037EA4E /* Assets.xcassets */ = {isa = PBXFileReference; lastKnownFileType = folder.assetcatalog; path = Assets.xcassets; sourceTree = "<group>"; };
		2482AB3726F5049D0037EA4E /* Base */ = {isa = PBXFileReference; lastKnownFileType = file.storyboard; name = Base; path = Base.lproj/LaunchScreen.storyboard; sourceTree = "<group>"; };
		2482AB3926F5049D0037EA4E /* Info.plist */ = {isa = PBXFileReference; lastKnownFileType = text.plist.xml; path = Info.plist; sourceTree = "<group>"; };
		2482AB4426F508490037EA4E /* Pokemon.swift */ = {isa = PBXFileReference; lastKnownFileType = sourcecode.swift; path = Pokemon.swift; sourceTree = "<group>"; };
		2482AB4626F50F690037EA4E /* UIView-Extension.swift */ = {isa = PBXFileReference; lastKnownFileType = sourcecode.swift; path = "UIView-Extension.swift"; sourceTree = "<group>"; };
		2482AB4926F5A7960037EA4E /* PokedexCollectionViewCell.swift */ = {isa = PBXFileReference; lastKnownFileType = sourcecode.swift; path = PokedexCollectionViewCell.swift; sourceTree = "<group>"; };
		2482AB4C26F619D60037EA4E /* PokedexCellLabel.swift */ = {isa = PBXFileReference; lastKnownFileType = sourcecode.swift; path = PokedexCellLabel.swift; sourceTree = "<group>"; };
		2482AB4E26F61FC30037EA4E /* UIColor-Extension.swift */ = {isa = PBXFileReference; lastKnownFileType = sourcecode.swift; path = "UIColor-Extension.swift"; sourceTree = "<group>"; };
		2499352D270B3B9100226B98 /* PokemonCollectionModel.swift */ = {isa = PBXFileReference; lastKnownFileType = sourcecode.swift; path = PokemonCollectionModel.swift; sourceTree = "<group>"; };
		24D57B7E26FB770C00852AF2 /* PokemonNameLabel.swift */ = {isa = PBXFileReference; lastKnownFileType = sourcecode.swift; path = PokemonNameLabel.swift; sourceTree = "<group>"; };
		24F698CF270325630003F499 /* README.md */ = {isa = PBXFileReference; lastKnownFileType = net.daringfireball.markdown; path = README.md; sourceTree = "<group>"; };
		73330F79A4AD3C217401B761 /* Pods-Pokemondex.debug.xcconfig */ = {isa = PBXFileReference; includeInIndex = 1; lastKnownFileType = text.xcconfig; name = "Pods-Pokemondex.debug.xcconfig"; path = "Target Support Files/Pods-Pokemondex/Pods-Pokemondex.debug.xcconfig"; sourceTree = "<group>"; };
		E7CC32B1EAAC9BE2BC39D6E6 /* Pods_Pokemondex.framework */ = {isa = PBXFileReference; explicitFileType = wrapper.framework; includeInIndex = 0; path = Pods_Pokemondex.framework; sourceTree = BUILT_PRODUCTS_DIR; };
/* End PBXFileReference section */

/* Begin PBXFrameworksBuildPhase section */
		2482AB2526F5049B0037EA4E /* Frameworks */ = {
			isa = PBXFrameworksBuildPhase;
			buildActionMask = 2147483647;
			files = (
				D8BF0725B46827DD18D46B88 /* Pods_Pokemondex.framework in Frameworks */,
			);
			runOnlyForDeploymentPostprocessing = 0;
		};
/* End PBXFrameworksBuildPhase section */

/* Begin PBXGroup section */
		2460C13E26F75CCB00E40171 /* SpecificPokemonInfo */ = {
			isa = PBXGroup;
			children = (
				2460C13F26F792D100E40171 /* PokemonView.swift */,
				2460C14126F792E600E40171 /* BottomButtonsView.swift */,
				2460C14426F7958800E40171 /* PokemonIdLabel.swift */,
				2460C14626F7970E00E40171 /* PokemonImageView.swift */,
				2460C14826F797FE00E40171 /* ShadowView.swift */,
				2460C14A26F7AF7400E40171 /* TypeLabel.swift */,
				24D57B7E26FB770C00852AF2 /* PokemonNameLabel.swift */,
				2473EAEA271C13DD00489673 /* MonsterBallImageView.swift */,
			);
			path = SpecificPokemonInfo;
			sourceTree = "<group>";
		};
		2473EAE7271AE9D600489673 /* Protocols */ = {
			isa = PBXGroup;
			children = (
				2473EAE8271AEEAF00489673 /* AdoptiOS15Protocol.swift */,
			);
			path = Protocols;
			sourceTree = "<group>";
		};
		2482AB1F26F5049B0037EA4E = {
			isa = PBXGroup;
			children = (
				24F698CF270325630003F499 /* README.md */,
				2482AB2A26F5049B0037EA4E /* Pokemondex */,
				2482AB2926F5049B0037EA4E /* Products */,
				6627BBCCB1D40C5AFB33195E /* Pods */,
				F2EA2BC089FF51350AE1B08C /* Frameworks */,
			);
			sourceTree = "<group>";
		};
		2482AB2926F5049B0037EA4E /* Products */ = {
			isa = PBXGroup;
			children = (
				2482AB2826F5049B0037EA4E /* Pokemondex.app */,
			);
			name = Products;
			sourceTree = "<group>";
		};
		2482AB2A26F5049B0037EA4E /* Pokemondex */ = {
			isa = PBXGroup;
			children = (
				2473EAE7271AE9D600489673 /* Protocols */,
				2482AB4126F507E70037EA4E /* Models */,
				2482AB5026F62C5D0037EA4E /* ViewModel */,
				2482AB4026F507DD0037EA4E /* ViewControllers */,
				2482AB3F26F507D70037EA4E /* Views */,
				2482AB4826F5A74E0037EA4E /* Cells */,
				2482AB4226F507EE0037EA4E /* Extensions */,
				2482AB2B26F5049B0037EA4E /* AppDelegate.swift */,
				2482AB2D26F5049B0037EA4E /* SceneDelegate.swift */,
				2482AB3426F5049D0037EA4E /* Assets.xcassets */,
				2482AB3626F5049D0037EA4E /* LaunchScreen.storyboard */,
				2482AB3926F5049D0037EA4E /* Info.plist */,
			);
			path = Pokemondex;
			sourceTree = "<group>";
		};
		2482AB3F26F507D70037EA4E /* Views */ = {
			isa = PBXGroup;
			children = (
				2460C13E26F75CCB00E40171 /* SpecificPokemonInfo */,
				2482AB4B26F5B8B30037EA4E /* Home */,
			);
			path = Views;
			sourceTree = "<group>";
		};
		2482AB4026F507DD0037EA4E /* ViewControllers */ = {
			isa = PBXGroup;
			children = (
				2482AB2F26F5049B0037EA4E /* HomeViewController.swift */,
				2460C13C26F74AEA00E40171 /* SpecificPokemoninfoViewController.swift */,
			);
			path = ViewControllers;
			sourceTree = "<group>";
		};
		2482AB4126F507E70037EA4E /* Models */ = {
			isa = PBXGroup;
			children = (
				2482AB4426F508490037EA4E /* Pokemon.swift */,
				2499352D270B3B9100226B98 /* PokemonCollectionModel.swift */,
			);
			path = Models;
			sourceTree = "<group>";
		};
		2482AB4226F507EE0037EA4E /* Extensions */ = {
			isa = PBXGroup;
			children = (
				2482AB4626F50F690037EA4E /* UIView-Extension.swift */,
				2482AB4E26F61FC30037EA4E /* UIColor-Extension.swift */,
			);
			path = Extensions;
			sourceTree = "<group>";
		};
		2482AB4826F5A74E0037EA4E /* Cells */ = {
			isa = PBXGroup;
			children = (
				2482AB4926F5A7960037EA4E /* PokedexCollectionViewCell.swift */,
			);
			path = Cells;
			sourceTree = "<group>";
		};
		2482AB4B26F5B8B30037EA4E /* Home */ = {
			isa = PBXGroup;
			children = (
				2482AB4C26F619D60037EA4E /* PokedexCellLabel.swift */,
			);
			path = Home;
			sourceTree = "<group>";
		};
		2482AB5026F62C5D0037EA4E /* ViewModel */ = {
			isa = PBXGroup;
			children = (
				2460C13A26F6FBBE00E40171 /* HomeViewModel.swift */,
			);
			path = ViewModel;
			sourceTree = "<group>";
		};
		6627BBCCB1D40C5AFB33195E /* Pods */ = {
			isa = PBXGroup;
			children = (
				73330F79A4AD3C217401B761 /* Pods-Pokemondex.debug.xcconfig */,
				0DAD2372F8F6738920863FAB /* Pods-Pokemondex.release.xcconfig */,
			);
			path = Pods;
			sourceTree = "<group>";
		};
		F2EA2BC089FF51350AE1B08C /* Frameworks */ = {
			isa = PBXGroup;
			children = (
				E7CC32B1EAAC9BE2BC39D6E6 /* Pods_Pokemondex.framework */,
			);
			name = Frameworks;
			sourceTree = "<group>";
		};
/* End PBXGroup section */

/* Begin PBXNativeTarget section */
		2482AB2726F5049B0037EA4E /* Pokemondex */ = {
			isa = PBXNativeTarget;
			buildConfigurationList = 2482AB3C26F5049D0037EA4E /* Build configuration list for PBXNativeTarget "Pokemondex" */;
			buildPhases = (
				876202F763E6F0140274B0AF /* [CP] Check Pods Manifest.lock */,
				2482AB2426F5049B0037EA4E /* Sources */,
				2482AB2526F5049B0037EA4E /* Frameworks */,
				2482AB2626F5049B0037EA4E /* Resources */,
				1303629B39BA1CF714F49B7C /* [CP] Embed Pods Frameworks */,
			);
			buildRules = (
			);
			dependencies = (
			);
			name = Pokemondex;
			productName = Pokemondex;
			productReference = 2482AB2826F5049B0037EA4E /* Pokemondex.app */;
			productType = "com.apple.product-type.application";
		};
/* End PBXNativeTarget section */

/* Begin PBXProject section */
		2482AB2026F5049B0037EA4E /* Project object */ = {
			isa = PBXProject;
			attributes = {
				LastSwiftUpdateCheck = 1250;
				LastUpgradeCheck = 1250;
				TargetAttributes = {
					2482AB2726F5049B0037EA4E = {
						CreatedOnToolsVersion = 12.5.1;
					};
				};
			};
			buildConfigurationList = 2482AB2326F5049B0037EA4E /* Build configuration list for PBXProject "Pokemondex" */;
			compatibilityVersion = "Xcode 9.3";
			developmentRegion = en;
			hasScannedForEncodings = 0;
			knownRegions = (
				en,
				Base,
			);
			mainGroup = 2482AB1F26F5049B0037EA4E;
			productRefGroup = 2482AB2926F5049B0037EA4E /* Products */;
			projectDirPath = "";
			projectRoot = "";
			targets = (
				2482AB2726F5049B0037EA4E /* Pokemondex */,
			);
		};
/* End PBXProject section */

/* Begin PBXResourcesBuildPhase section */
		2482AB2626F5049B0037EA4E /* Resources */ = {
			isa = PBXResourcesBuildPhase;
			buildActionMask = 2147483647;
			files = (
				2482AB3826F5049D0037EA4E /* LaunchScreen.storyboard in Resources */,
				2482AB3526F5049D0037EA4E /* Assets.xcassets in Resources */,
			);
			runOnlyForDeploymentPostprocessing = 0;
		};
/* End PBXResourcesBuildPhase section */

/* Begin PBXShellScriptBuildPhase section */
		1303629B39BA1CF714F49B7C /* [CP] Embed Pods Frameworks */ = {
			isa = PBXShellScriptBuildPhase;
			buildActionMask = 2147483647;
			files = (
			);
			inputFileListPaths = (
				"${PODS_ROOT}/Target Support Files/Pods-Pokemondex/Pods-Pokemondex-frameworks-${CONFIGURATION}-input-files.xcfilelist",
			);
			name = "[CP] Embed Pods Frameworks";
			outputFileListPaths = (
				"${PODS_ROOT}/Target Support Files/Pods-Pokemondex/Pods-Pokemondex-frameworks-${CONFIGURATION}-output-files.xcfilelist",
			);
			runOnlyForDeploymentPostprocessing = 0;
			shellPath = /bin/sh;
			shellScript = "\"${PODS_ROOT}/Target Support Files/Pods-Pokemondex/Pods-Pokemondex-frameworks.sh\"\n";
			showEnvVarsInLog = 0;
		};
		876202F763E6F0140274B0AF /* [CP] Check Pods Manifest.lock */ = {
			isa = PBXShellScriptBuildPhase;
			buildActionMask = 2147483647;
			files = (
			);
			inputFileListPaths = (
			);
			inputPaths = (
				"${PODS_PODFILE_DIR_PATH}/Podfile.lock",
				"${PODS_ROOT}/Manifest.lock",
			);
			name = "[CP] Check Pods Manifest.lock";
			outputFileListPaths = (
			);
			outputPaths = (
				"$(DERIVED_FILE_DIR)/Pods-Pokemondex-checkManifestLockResult.txt",
			);
			runOnlyForDeploymentPostprocessing = 0;
			shellPath = /bin/sh;
			shellScript = "diff \"${PODS_PODFILE_DIR_PATH}/Podfile.lock\" \"${PODS_ROOT}/Manifest.lock\" > /dev/null\nif [ $? != 0 ] ; then\n    # print error to STDERR\n    echo \"error: The sandbox is not in sync with the Podfile.lock. Run 'pod install' or update your CocoaPods installation.\" >&2\n    exit 1\nfi\n# This output is used by Xcode 'outputs' to avoid re-running this script phase.\necho \"SUCCESS\" > \"${SCRIPT_OUTPUT_FILE_0}\"\n";
			showEnvVarsInLog = 0;
		};
/* End PBXShellScriptBuildPhase section */

/* Begin PBXSourcesBuildPhase section */
		2482AB2426F5049B0037EA4E /* Sources */ = {
			isa = PBXSourcesBuildPhase;
			buildActionMask = 2147483647;
			files = (
				2482AB3026F5049B0037EA4E /* HomeViewController.swift in Sources */,
				2460C13B26F6FBBE00E40171 /* HomeViewModel.swift in Sources */,
				2460C13D26F74AEA00E40171 /* SpecificPokemoninfoViewController.swift in Sources */,
				2499352E270B3B9100226B98 /* PokemonCollectionModel.swift in Sources */,
				2482AB4F26F61FC30037EA4E /* UIColor-Extension.swift in Sources */,
				24D57B7F26FB770C00852AF2 /* PokemonNameLabel.swift in Sources */,
				2482AB4526F508490037EA4E /* Pokemon.swift in Sources */,
				2460C14226F792E600E40171 /* BottomButtonsView.swift in Sources */,
				2460C14026F792D100E40171 /* PokemonView.swift in Sources */,
				2482AB2C26F5049B0037EA4E /* AppDelegate.swift in Sources */,
				2460C14726F7970E00E40171 /* PokemonImageView.swift in Sources */,
				2460C14926F797FE00E40171 /* ShadowView.swift in Sources */,
				2473EAE9271AEEAF00489673 /* AdoptiOS15Protocol.swift in Sources */,
				2482AB4726F50F690037EA4E /* UIView-Extension.swift in Sources */,
				2473EAEB271C13DD00489673 /* MonsterBallImageView.swift in Sources */,
				2482AB2E26F5049B0037EA4E /* SceneDelegate.swift in Sources */,
				2460C14B26F7AF7400E40171 /* TypeLabel.swift in Sources */,
				2482AB4A26F5A7960037EA4E /* PokedexCollectionViewCell.swift in Sources */,
				2460C14526F7958800E40171 /* PokemonIdLabel.swift in Sources */,
				2482AB4D26F619D60037EA4E /* PokedexCellLabel.swift in Sources */,
			);
			runOnlyForDeploymentPostprocessing = 0;
		};
/* End PBXSourcesBuildPhase section */

/* Begin PBXVariantGroup section */
		2482AB3626F5049D0037EA4E /* LaunchScreen.storyboard */ = {
			isa = PBXVariantGroup;
			children = (
				2482AB3726F5049D0037EA4E /* Base */,
			);
			name = LaunchScreen.storyboard;
			sourceTree = "<group>";
		};
/* End PBXVariantGroup section */

/* Begin XCBuildConfiguration section */
		2482AB3A26F5049D0037EA4E /* Debug */ = {
			isa = XCBuildConfiguration;
			buildSettings = {
				ALWAYS_SEARCH_USER_PATHS = NO;
				CLANG_ANALYZER_NONNULL = YES;
				CLANG_ANALYZER_NUMBER_OBJECT_CONVERSION = YES_AGGRESSIVE;
				CLANG_CXX_LANGUAGE_STANDARD = "gnu++14";
				CLANG_CXX_LIBRARY = "libc++";
				CLANG_ENABLE_MODULES = YES;
				CLANG_ENABLE_OBJC_ARC = YES;
				CLANG_ENABLE_OBJC_WEAK = YES;
				CLANG_WARN_BLOCK_CAPTURE_AUTORELEASING = YES;
				CLANG_WARN_BOOL_CONVERSION = YES;
				CLANG_WARN_COMMA = YES;
				CLANG_WARN_CONSTANT_CONVERSION = YES;
				CLANG_WARN_DEPRECATED_OBJC_IMPLEMENTATIONS = YES;
				CLANG_WARN_DIRECT_OBJC_ISA_USAGE = YES_ERROR;
				CLANG_WARN_DOCUMENTATION_COMMENTS = YES;
				CLANG_WARN_EMPTY_BODY = YES;
				CLANG_WARN_ENUM_CONVERSION = YES;
				CLANG_WARN_INFINITE_RECURSION = YES;
				CLANG_WARN_INT_CONVERSION = YES;
				CLANG_WARN_NON_LITERAL_NULL_CONVERSION = YES;
				CLANG_WARN_OBJC_IMPLICIT_RETAIN_SELF = YES;
				CLANG_WARN_OBJC_LITERAL_CONVERSION = YES;
				CLANG_WARN_OBJC_ROOT_CLASS = YES_ERROR;
				CLANG_WARN_QUOTED_INCLUDE_IN_FRAMEWORK_HEADER = YES;
				CLANG_WARN_RANGE_LOOP_ANALYSIS = YES;
				CLANG_WARN_STRICT_PROTOTYPES = YES;
				CLANG_WARN_SUSPICIOUS_MOVE = YES;
				CLANG_WARN_UNGUARDED_AVAILABILITY = YES_AGGRESSIVE;
				CLANG_WARN_UNREACHABLE_CODE = YES;
				CLANG_WARN__DUPLICATE_METHOD_MATCH = YES;
				COPY_PHASE_STRIP = NO;
				DEBUG_INFORMATION_FORMAT = dwarf;
				ENABLE_STRICT_OBJC_MSGSEND = YES;
				ENABLE_TESTABILITY = YES;
				GCC_C_LANGUAGE_STANDARD = gnu11;
				GCC_DYNAMIC_NO_PIC = NO;
				GCC_NO_COMMON_BLOCKS = YES;
				GCC_OPTIMIZATION_LEVEL = 0;
				GCC_PREPROCESSOR_DEFINITIONS = (
					"DEBUG=1",
					"$(inherited)",
				);
				GCC_WARN_64_TO_32_BIT_CONVERSION = YES;
				GCC_WARN_ABOUT_RETURN_TYPE = YES_ERROR;
				GCC_WARN_UNDECLARED_SELECTOR = YES;
				GCC_WARN_UNINITIALIZED_AUTOS = YES_AGGRESSIVE;
				GCC_WARN_UNUSED_FUNCTION = YES;
				GCC_WARN_UNUSED_VARIABLE = YES;
				IPHONEOS_DEPLOYMENT_TARGET = 15.0;
				MTL_ENABLE_DEBUG_INFO = INCLUDE_SOURCE;
				MTL_FAST_MATH = YES;
				ONLY_ACTIVE_ARCH = YES;
				SDKROOT = iphoneos;
				SWIFT_ACTIVE_COMPILATION_CONDITIONS = DEBUG;
				SWIFT_OPTIMIZATION_LEVEL = "-Onone";
			};
			name = Debug;
		};
		2482AB3B26F5049D0037EA4E /* Release */ = {
			isa = XCBuildConfiguration;
			buildSettings = {
				ALWAYS_SEARCH_USER_PATHS = NO;
				CLANG_ANALYZER_NONNULL = YES;
				CLANG_ANALYZER_NUMBER_OBJECT_CONVERSION = YES_AGGRESSIVE;
				CLANG_CXX_LANGUAGE_STANDARD = "gnu++14";
				CLANG_CXX_LIBRARY = "libc++";
				CLANG_ENABLE_MODULES = YES;
				CLANG_ENABLE_OBJC_ARC = YES;
				CLANG_ENABLE_OBJC_WEAK = YES;
				CLANG_WARN_BLOCK_CAPTURE_AUTORELEASING = YES;
				CLANG_WARN_BOOL_CONVERSION = YES;
				CLANG_WARN_COMMA = YES;
				CLANG_WARN_CONSTANT_CONVERSION = YES;
				CLANG_WARN_DEPRECATED_OBJC_IMPLEMENTATIONS = YES;
				CLANG_WARN_DIRECT_OBJC_ISA_USAGE = YES_ERROR;
				CLANG_WARN_DOCUMENTATION_COMMENTS = YES;
				CLANG_WARN_EMPTY_BODY = YES;
				CLANG_WARN_ENUM_CONVERSION = YES;
				CLANG_WARN_INFINITE_RECURSION = YES;
				CLANG_WARN_INT_CONVERSION = YES;
				CLANG_WARN_NON_LITERAL_NULL_CONVERSION = YES;
				CLANG_WARN_OBJC_IMPLICIT_RETAIN_SELF = YES;
				CLANG_WARN_OBJC_LITERAL_CONVERSION = YES;
				CLANG_WARN_OBJC_ROOT_CLASS = YES_ERROR;
				CLANG_WARN_QUOTED_INCLUDE_IN_FRAMEWORK_HEADER = YES;
				CLANG_WARN_RANGE_LOOP_ANALYSIS = YES;
				CLANG_WARN_STRICT_PROTOTYPES = YES;
				CLANG_WARN_SUSPICIOUS_MOVE = YES;
				CLANG_WARN_UNGUARDED_AVAILABILITY = YES_AGGRESSIVE;
				CLANG_WARN_UNREACHABLE_CODE = YES;
				CLANG_WARN__DUPLICATE_METHOD_MATCH = YES;
				COPY_PHASE_STRIP = NO;
				DEBUG_INFORMATION_FORMAT = "dwarf-with-dsym";
				ENABLE_NS_ASSERTIONS = NO;
				ENABLE_STRICT_OBJC_MSGSEND = YES;
				GCC_C_LANGUAGE_STANDARD = gnu11;
				GCC_NO_COMMON_BLOCKS = YES;
				GCC_WARN_64_TO_32_BIT_CONVERSION = YES;
				GCC_WARN_ABOUT_RETURN_TYPE = YES_ERROR;
				GCC_WARN_UNDECLARED_SELECTOR = YES;
				GCC_WARN_UNINITIALIZED_AUTOS = YES_AGGRESSIVE;
				GCC_WARN_UNUSED_FUNCTION = YES;
				GCC_WARN_UNUSED_VARIABLE = YES;
				IPHONEOS_DEPLOYMENT_TARGET = 15.0;
				MTL_ENABLE_DEBUG_INFO = NO;
				MTL_FAST_MATH = YES;
				SDKROOT = iphoneos;
				SWIFT_COMPILATION_MODE = wholemodule;
				SWIFT_OPTIMIZATION_LEVEL = "-O";
				VALIDATE_PRODUCT = YES;
			};
			name = Release;
		};
		2482AB3D26F5049D0037EA4E /* Debug */ = {
			isa = XCBuildConfiguration;
			baseConfigurationReference = 73330F79A4AD3C217401B761 /* Pods-Pokemondex.debug.xcconfig */;
			buildSettings = {
				ASSETCATALOG_COMPILER_APPICON_NAME = AppIcon;
				ASSETCATALOG_COMPILER_GLOBAL_ACCENT_COLOR_NAME = AccentColor;
				CODE_SIGN_STYLE = Automatic;
				DEVELOPMENT_TEAM = P6K8M6RQ2W;
				INFOPLIST_FILE = Pokemondex/Info.plist;
				LD_RUNPATH_SEARCH_PATHS = (
					"$(inherited)",
					"@executable_path/Frameworks",
				);
				PRODUCT_BUNDLE_IDENTIFIER = com.r.t.astronomy.Pokemondex;
				PRODUCT_NAME = "$(TARGET_NAME)";
				SWIFT_VERSION = 5.0;
				TARGETED_DEVICE_FAMILY = "1,2";
			};
			name = Debug;
		};
		2482AB3E26F5049D0037EA4E /* Release */ = {
			isa = XCBuildConfiguration;
			baseConfigurationReference = 0DAD2372F8F6738920863FAB /* Pods-Pokemondex.release.xcconfig */;
			buildSettings = {
				ASSETCATALOG_COMPILER_APPICON_NAME = AppIcon;
				ASSETCATALOG_COMPILER_GLOBAL_ACCENT_COLOR_NAME = AccentColor;
				CODE_SIGN_STYLE = Automatic;
				DEVELOPMENT_TEAM = P6K8M6RQ2W;
				INFOPLIST_FILE = Pokemondex/Info.plist;
				LD_RUNPATH_SEARCH_PATHS = (
					"$(inherited)",
					"@executable_path/Frameworks",
				);
				PRODUCT_BUNDLE_IDENTIFIER = com.r.t.astronomy.Pokemondex;
				PRODUCT_NAME = "$(TARGET_NAME)";
				SWIFT_VERSION = 5.0;
				TARGETED_DEVICE_FAMILY = "1,2";
			};
			name = Release;
		};
/* End XCBuildConfiguration section */

/* Begin XCConfigurationList section */
		2482AB2326F5049B0037EA4E /* Build configuration list for PBXProject "Pokemondex" */ = {
			isa = XCConfigurationList;
			buildConfigurations = (
				2482AB3A26F5049D0037EA4E /* Debug */,
				2482AB3B26F5049D0037EA4E /* Release */,
			);
			defaultConfigurationIsVisible = 0;
			defaultConfigurationName = Release;
		};
		2482AB3C26F5049D0037EA4E /* Build configuration list for PBXNativeTarget "Pokemondex" */ = {
			isa = XCConfigurationList;
			buildConfigurations = (
				2482AB3D26F5049D0037EA4E /* Debug */,
				2482AB3E26F5049D0037EA4E /* Release */,
			);
			defaultConfigurationIsVisible = 0;
			defaultConfigurationName = Release;
		};
/* End XCConfigurationList section */
	};
	rootObject = 2482AB2026F5049B0037EA4E /* Project object */;
}
